{
  "nodes": {
    "nixpkgs": {
      "locked": {
        "lastModified": 1655566931,
        "narHash": "sha256-tWKXorO4u+/224xGUywqF4aIlPprkt6X02ijx/z8GnQ=",
        "owner": "NixOS",
        "repo": "nixpkgs",
        "rev": "7874a5a16ee37c1016cebfb39f1e48715f76e2b9",
        "type": "github"
      },
      "original": {
        "owner": "NixOS",
        "ref": "release-22.05",
        "repo": "nixpkgs",
        "type": "github"
      }
    },
    "root": {
      "inputs": {
        "nixpkgs": "nixpkgs"
      }
    }
  },
  "root": "root",
  "version": 7
}
